{
  "name": "blear.ui.toc",
  "version": "1.0.0",
  "lockfileVersion": 1,
  "requires": true,
  "dependencies": {
    "blear.classes.class": {
      "version": "1.1.7",
      "resolved": "http://registry.npm.taobao.org/blear.classes.class/download/blear.classes.class-1.1.7.tgz",
      "integrity": "sha1-VJHMNAAuGDJNsg0DD6bw+9Rwn/I=",
      "requires": {
        "blear.utils.access": "1.0.5",
        "blear.utils.debug": "1.0.2",
        "blear.utils.object": "1.0.14",
        "blear.utils.random": "1.0.4",
        "blear.utils.typeis": "1.0.3"
      }
    },
    "blear.classes.events": {
      "version": "1.0.7",
      "resolved": "http://registry.npm.taobao.org/blear.classes.events/download/blear.classes.events-1.0.7.tgz",
      "integrity": "sha1-luZoU2G8mQEr26rWsNN+8RxTz4A=",
      "requires": {
        "blear.classes.class": "1.1.7",
        "blear.utils.access": "1.0.5",
        "blear.utils.array": "1.0.12",
        "blear.utils.object": "1.0.14",
        "blear.utils.typeis": "1.0.3"
      }
    },
    "blear.core.attribute": {
      "version": "1.0.14",
      "resolved": "http://registry.npm.taobao.org/blear.core.attribute/download/blear.core.attribute-1.0.14.tgz",
      "integrity": "sha1-f3VeTKCPtICKUWr3/m8eB8cEUVw=",
      "requires": {
        "blear.utils.access": "1.0.5",
        "blear.utils.array": "1.0.12",
        "blear.utils.compatible": "1.0.8",
        "blear.utils.json": "1.0.5",
        "blear.utils.object": "1.0.14",
        "blear.utils.string": "1.0.11",
        "blear.utils.typeis": "1.0.3",
        "blear.utils.validator": "1.2.0"
      }
    },
    "blear.core.modification": {
      "version": "1.0.7",
      "resolved": "http://registry.npm.taobao.org/blear.core.modification/download/blear.core.modification-1.0.7.tgz",
      "integrity": "sha1-E1G0wk3X2VpsYdkS6TjoNDJTW3o=",
      "requires": {
        "blear.core.attribute": "1.0.14",
        "blear.core.selector": "1.0.11",
        "blear.utils.json": "1.0.5",
        "blear.utils.object": "1.0.14",
        "blear.utils.typeis": "1.0.3"
      }
    },
    "blear.core.selector": {
      "version": "1.0.11",
      "resolved": "http://registry.npm.taobao.org/blear.core.selector/download/blear.core.selector-1.0.11.tgz",
      "integrity": "sha1-gh5t5bv4nRKxxjfr9OYQQLxohvg=",
      "requires": {
        "blear.utils.array": "1.0.12",
        "blear.utils.compatible": "1.0.8",
        "blear.utils.debug": "1.0.2",
        "blear.utils.typeis": "1.0.3"
      }
    },
    "blear.ui": {
      "version": "1.0.10",
      "resolved": "http://registry.npm.taobao.org/blear.ui/download/blear.ui-1.0.10.tgz",
      "integrity": "sha1-xlcdkT6+Kg7tFMKjZ/E2nv3euHM=",
      "requires": {
        "blear.classes.events": "1.0.7",
        "blear.utils.object": "1.0.14"
      }
    },
    "blear.utils.access": {
      "version": "1.0.5",
      "resolved": "http://registry.npm.taobao.org/blear.utils.access/download/blear.utils.access-1.0.5.tgz",
      "integrity": "sha1-Sdnex3z9zSOrCwiHmwUw7K3k7iY=",
      "requires": {
        "blear.utils.array": "1.0.12",
        "blear.utils.collection": "1.0.4",
        "blear.utils.object": "1.0.14",
        "blear.utils.typeis": "1.0.3"
      }
    },
    "blear.utils.array": {
      "version": "1.0.12",
      "resolved": "http://registry.npm.taobao.org/blear.utils.array/download/blear.utils.array-1.0.12.tgz",
      "integrity": "sha1-Yje/gLO+MTdxR9kNb63JGp/md24=",
      "requires": {
        "blear.utils.typeis": "1.0.3"
      }
    },
    "blear.utils.collection": {
      "version": "1.0.4",
      "resolved": "http://registry.npm.taobao.org/blear.utils.collection/download/blear.utils.collection-1.0.4.tgz",
      "integrity": "sha1-FA28f83glrqYiytC7cdXSQWEmzE=",
      "requires": {
        "blear.utils.array": "1.0.12",
        "blear.utils.object": "1.0.14",
        "blear.utils.typeis": "1.0.3"
      }
    },
    "blear.utils.compatible": {
      "version": "1.0.8",
      "resolved": "http://registry.npm.taobao.org/blear.utils.compatible/download/blear.utils.compatible-1.0.8.tgz",
      "integrity": "sha1-QRjZXrDky+FTyhMn24rjSU3+B9s=",
      "requires": {
        "blear.utils.array": "1.0.12",
        "blear.utils.string": "1.0.11"
      }
    },
    "blear.utils.debug": {
      "version": "1.0.2",
      "resolved": "http://registry.npm.taobao.org/blear.utils.debug/download/blear.utils.debug-1.0.2.tgz",
      "integrity": "sha1-TCxeL3W49o3V7LqIcZDc+zul4TU="
    },
    "blear.utils.json": {
      "version": "1.0.5",
      "resolved": "http://registry.npm.taobao.org/blear.utils.json/download/blear.utils.json-1.0.5.tgz",
      "integrity": "sha1-6urtuLlYOC0zisaSefDXlSvIl/Y=",
      "requires": {
        "blear.utils.object": "1.0.14",
        "blear.utils.typeis": "1.0.3"
      }
    },
    "blear.utils.number": {
      "version": "1.0.3",
      "resolved": "http://registry.npm.taobao.org/blear.utils.number/download/blear.utils.number-1.0.3.tgz",
      "integrity": "sha1-xu03E8ipfTzuojaVRZMV5HxahhY=",
      "requires": {
        "blear.utils.array": "1.0.12",
        "blear.utils.typeis": "1.0.3"
      }
    },
    "blear.utils.object": {
      "version": "1.0.14",
      "resolved": "http://registry.npm.taobao.org/blear.utils.object/download/blear.utils.object-1.0.14.tgz",
      "integrity": "sha1-bfkmlYQdUB/vYUqvNv/lC4R4GI0=",
      "requires": {
        "blear.utils.typeis": "1.0.3"
      }
    },
    "blear.utils.random": {
      "version": "1.0.4",
      "resolved": "http://registry.npm.taobao.org/blear.utils.random/download/blear.utils.random-1.0.4.tgz",
      "integrity": "sha1-b0gvPNwufxoVko/HytejP8YM5zk=",
      "requires": {
        "blear.utils.access": "1.0.5",
        "blear.utils.number": "1.0.3",
        "blear.utils.string": "1.0.11",
        "blear.utils.typeis": "1.0.3"
      }
    },
    "blear.utils.string": {
      "version": "1.0.11",
      "resolved": "http://registry.npm.taobao.org/blear.utils.string/download/blear.utils.string-1.0.11.tgz",
      "integrity": "sha1-M583bUpvF8Fd5bWgf1Bd94QVciQ=",
      "requires": {
        "blear.utils.access": "1.0.5",
        "blear.utils.array": "1.0.12",
        "blear.utils.json": "1.0.5",
        "blear.utils.object": "1.0.14",
        "blear.utils.typeis": "1.0.3"
      }
    },
    "blear.utils.typeis": {
      "version": "1.0.3",
      "resolved": "http://registry.npm.taobao.org/blear.utils.typeis/download/blear.utils.typeis-1.0.3.tgz",
      "integrity": "sha1-4u5r+8oHKbe1G6pZ2T1xa2jqxoY="
    },
    "blear.utils.validator": {
      "version": "1.2.0",
      "resolved": "http://registry.npm.taobao.org/blear.utils.validator/download/blear.utils.validator-1.2.0.tgz",
      "integrity": "sha1-20rAvUTZ9BNlrEmgBf7PDEUcO+4="
    },
    "coolie.js": {
      "version": "2.3.1",
      "resolved": "http://registry.npm.taobao.org/coolie.js/download/coolie.js-2.3.1.tgz",
      "integrity": "sha1-C/WG0rSD5rnxF6nsvflP7syvEjc=",
      "dev": true
    }
  }
}
