{
  "name": "blear.ui.toc",
  "version": "1.0.0",
  "lockfileVersion": 1,
  "requires": true,
  "dependencies": {
    "coolie.js": {
      "version": "2.3.1",
      "resolved": "http://registry.npm.taobao.org/coolie.js/download/coolie.js-2.3.1.tgz",
      "integrity": "sha1-C/WG0rSD5rnxF6nsvflP7syvEjc=",
      "dev": true
    }
  }
}
